
Microsoft Visual Studio Solution File, Format Version 12.00
# Visual Studio Version 16
VisualStudioVersion = 16.0.29709.97
MinimumVisualStudioVersion = 10.0.40219.1
Project("{FAE04EC0-301F-11D3-BF4B-00C04F79EFBC}") = "Caja", "Caja\Caja.csproj", "{3C82A87B-E063-4EC6-880D-7587BB0A286D}"
EndProject
Global
	GlobalSection(SolutionConfigurationPlatforms) = preSolution
		Debug|Any CPU = Debug|Any CPU
		Release|Any CPU = Release|Any CPU
	EndGlobalSection
	GlobalSection(ProjectConfigurationPlatforms) = postSolution
		{3C82A87B-E063-4EC6-880D-7587BB0A286D}.Debug|Any CPU.ActiveCfg = Debug|Any CPU
		{3C82A87B-E063-4EC6-880D-7587BB0A286D}.Debug|Any CPU.Build.0 = Debug|Any CPU
		{3C82A87B-E063-4EC6-880D-7587BB0A286D}.Release|Any CPU.ActiveCfg = Release|Any CPU
		{3C82A87B-E063-4EC6-880D-7587BB0A286D}.Release|Any CPU.Build.0 = Release|Any CPU
	EndGlobalSection
	GlobalSection(SolutionProperties) = preSolution
		HideSolutionNode = FALSE
	EndGlobalSection
	GlobalSection(ExtensibilityGlobals) = postSolution
		SolutionGuid = {9B4D927F-087E-4288-AA9D-1E8D97051B53}
	EndGlobalSection
EndGlobal
